
Microsoft Visual Studio Solution File, Format Version 12.00
# Visual Studio Version 16
VisualStudioVersion = 16.0.31424.327
MinimumVisualStudioVersion = 10.0.40219.1
Project("{9A19103F-16F7-4668-BE54-9A1E7A4F7556}") = "Watchdog.Collector.API", "Watchdog.Collector\Watchdog.Collector.API\Watchdog.Collector.API.csproj", "{814F7F69-49DD-4591-A704-D9715DEBCD84}"
EndProject
Project("{9A19103F-16F7-4668-BE54-9A1E7A4F7556}") = "Watchdog.Collector.BLL", "Watchdog.Collector\Watchdog.Collector.BLL\Watchdog.Collector.BLL.csproj", "{EEB83E7E-852C-4BDB-BB95-0902996B8069}"
EndProject
Project("{9A19103F-16F7-4668-BE54-9A1E7A4F7556}") = "Watchdog.RabbitMQ.Shared", "Watchdog.RabbitMQ.Shared\Watchdog.RabbitMQ.Shared.csproj", "{9E5884EC-6894-4789-92D5-F5104300A44B}"
EndProject
Project("{9A19103F-16F7-4668-BE54-9A1E7A4F7556}") = "Watchdog.Collector.Common", "Watchdog.Collector\Watchdog.Collector.Common\Watchdog.Collector.Common.csproj", "{A3B916A0-A13A-40C5-9BE0-CEB2206171DE}"
EndProject
Project("{9A19103F-16F7-4668-BE54-9A1E7A4F7556}") = "Watchdog.Models.Shared", "Watchdog.Models.Shared\Watchdog.Models.Shared.csproj", "{2CF1EBAB-A565-4AAF-813F-BD14EDDBC5E4}"
EndProject
Global
	GlobalSection(SolutionConfigurationPlatforms) = preSolution
		Debug|Any CPU = Debug|Any CPU
		Release|Any CPU = Release|Any CPU
	EndGlobalSection
	GlobalSection(ProjectConfigurationPlatforms) = postSolution
		{814F7F69-49DD-4591-A704-D9715DEBCD84}.Debug|Any CPU.ActiveCfg = Debug|Any CPU
		{814F7F69-49DD-4591-A704-D9715DEBCD84}.Debug|Any CPU.Build.0 = Debug|Any CPU
		{814F7F69-49DD-4591-A704-D9715DEBCD84}.Release|Any CPU.ActiveCfg = Release|Any CPU
		{814F7F69-49DD-4591-A704-D9715DEBCD84}.Release|Any CPU.Build.0 = Release|Any CPU
		{EEB83E7E-852C-4BDB-BB95-0902996B8069}.Debug|Any CPU.ActiveCfg = Debug|Any CPU
		{EEB83E7E-852C-4BDB-BB95-0902996B8069}.Debug|Any CPU.Build.0 = Debug|Any CPU
		{EEB83E7E-852C-4BDB-BB95-0902996B8069}.Release|Any CPU.ActiveCfg = Release|Any CPU
		{EEB83E7E-852C-4BDB-BB95-0902996B8069}.Release|Any CPU.Build.0 = Release|Any CPU
		{9E5884EC-6894-4789-92D5-F5104300A44B}.Debug|Any CPU.ActiveCfg = Debug|Any CPU
		{9E5884EC-6894-4789-92D5-F5104300A44B}.Debug|Any CPU.Build.0 = Debug|Any CPU
		{9E5884EC-6894-4789-92D5-F5104300A44B}.Release|Any CPU.ActiveCfg = Release|Any CPU
		{9E5884EC-6894-4789-92D5-F5104300A44B}.Release|Any CPU.Build.0 = Release|Any CPU
		{A3B916A0-A13A-40C5-9BE0-CEB2206171DE}.Debug|Any CPU.ActiveCfg = Debug|Any CPU
		{A3B916A0-A13A-40C5-9BE0-CEB2206171DE}.Debug|Any CPU.Build.0 = Debug|Any CPU
		{A3B916A0-A13A-40C5-9BE0-CEB2206171DE}.Release|Any CPU.ActiveCfg = Release|Any CPU
		{A3B916A0-A13A-40C5-9BE0-CEB2206171DE}.Release|Any CPU.Build.0 = Release|Any CPU
		{2CF1EBAB-A565-4AAF-813F-BD14EDDBC5E4}.Debug|Any CPU.ActiveCfg = Debug|Any CPU
		{2CF1EBAB-A565-4AAF-813F-BD14EDDBC5E4}.Debug|Any CPU.Build.0 = Debug|Any CPU
		{2CF1EBAB-A565-4AAF-813F-BD14EDDBC5E4}.Release|Any CPU.ActiveCfg = Release|Any CPU
		{2CF1EBAB-A565-4AAF-813F-BD14EDDBC5E4}.Release|Any CPU.Build.0 = Release|Any CPU
	EndGlobalSection
	GlobalSection(SolutionProperties) = preSolution
		HideSolutionNode = FALSE
	EndGlobalSection
	GlobalSection(ExtensibilityGlobals) = postSolution
		SolutionGuid = {8077A446-ECF2-4A98-9290-5C0587F6FF21}
	EndGlobalSection
EndGlobal
