
Microsoft Visual Studio Solution File, Format Version 12.00
# Visual Studio Version 16
VisualStudioVersion = 16.0.31424.327
MinimumVisualStudioVersion = 10.0.40219.1
Project("{FAE04EC0-301F-11D3-BF4B-00C04F79EFBC}") = "Watchdog.Notifier", "Watchdog.Notifier\Watchdog.Notifier\Watchdog.Notifier.csproj", "{F2D793C9-D694-4F72-9887-D0C4DB432223}"
EndProject
Global
	GlobalSection(SolutionConfigurationPlatforms) = preSolution
		Debug|Any CPU = Debug|Any CPU
		Release|Any CPU = Release|Any CPU
	EndGlobalSection
	GlobalSection(ProjectConfigurationPlatforms) = postSolution
		{F2D793C9-D694-4F72-9887-D0C4DB432223}.Debug|Any CPU.ActiveCfg = Debug|Any CPU
		{F2D793C9-D694-4F72-9887-D0C4DB432223}.Debug|Any CPU.Build.0 = Debug|Any CPU
		{F2D793C9-D694-4F72-9887-D0C4DB432223}.Release|Any CPU.ActiveCfg = Release|Any CPU
		{F2D793C9-D694-4F72-9887-D0C4DB432223}.Release|Any CPU.Build.0 = Release|Any CPU
	EndGlobalSection
	GlobalSection(SolutionProperties) = preSolution
		HideSolutionNode = FALSE
	EndGlobalSection
	GlobalSection(ExtensibilityGlobals) = postSolution
		SolutionGuid = {A0207166-E19A-46BA-A30A-394607A69CBD}
	EndGlobalSection
EndGlobal
