
Microsoft Visual Studio Solution File, Format Version 12.00
# Visual Studio Version 16
VisualStudioVersion = 16.0.31424.327
MinimumVisualStudioVersion = 10.0.40219.1
Project("{9A19103F-16F7-4668-BE54-9A1E7A4F7556}") = "Watchdog.Core.API", "Watchdog.Core\Watchdog.Core.API\Watchdog.Core.API.csproj", "{AF6C5377-BC0D-4CC8-8C2E-D9E26756627D}"
EndProject
Project("{9A19103F-16F7-4668-BE54-9A1E7A4F7556}") = "Watchdog.Core.Common", "Watchdog.Core\Watchdog.Core.Common\Watchdog.Core.Common.csproj", "{D050B938-5C44-4A1F-A4C6-E70E3FBD8A02}"
EndProject
Project("{9A19103F-16F7-4668-BE54-9A1E7A4F7556}") = "Watchdog.Core.BLL", "Watchdog.Core\Watchdog.Core.BLL\Watchdog.Core.BLL.csproj", "{FC688BB9-6949-4C2D-9A31-FCE87F0F0494}"
EndProject
Project("{9A19103F-16F7-4668-BE54-9A1E7A4F7556}") = "Watchdog.Core.DAL", "Watchdog.Core\Watchdog.Core.DAL\Watchdog.Core.DAL.csproj", "{E00E8C42-8448-4128-B015-54C27BD7DD29}"
EndProject
Project("{2150E333-8FDC-42A3-9474-1A3956D46DE8}") = "Watchdog.Core", "Watchdog.Core", "{9F257BC7-8C6F-4CBD-924B-35AFF80583E8}"
	ProjectSection(SolutionItems) = preProject
		Dockerfile = Dockerfile
	EndProjectSection
EndProject
Project("{2150E333-8FDC-42A3-9474-1A3956D46DE8}") = "Watchdog.Collector", "Watchdog.Collector", "{F8C29B95-9387-484E-965A-451A173F69D1}"
	ProjectSection(SolutionItems) = preProject
		Watchdog.Collector\Dockerfile = Watchdog.Collector\Dockerfile
	EndProjectSection
EndProject
Project("{9A19103F-16F7-4668-BE54-9A1E7A4F7556}") = "Watchdog.Collector.API", "Watchdog.Collector\Watchdog.Collector.API\Watchdog.Collector.API.csproj", "{1C23243B-5028-4CB2-BC17-09BFD4AA1FE9}"
EndProject
Project("{9A19103F-16F7-4668-BE54-9A1E7A4F7556}") = "Watchdog.Collector.BLL", "Watchdog.Collector\Watchdog.Collector.BLL\Watchdog.Collector.BLL.csproj", "{615C5D66-3901-49FB-853D-9E8AEA08CEC5}"
EndProject
Project("{9A19103F-16F7-4668-BE54-9A1E7A4F7556}") = "Watchdog.Notifier.API", "Watchdog.Notifier\Watchdog.Notifier.API\Watchdog.Notifier.API.csproj", "{86EAA354-F751-4B0F-89D5-56A8BF0FD283}"
EndProject
Project("{2150E333-8FDC-42A3-9474-1A3956D46DE8}") = "Watchdog.RabbitMQ", "Watchdog.RabbitMQ", "{7F8DA369-2F6E-49E2-B3B1-75BE1CFFB558}"
EndProject
Project("{9A19103F-16F7-4668-BE54-9A1E7A4F7556}") = "Watchdog.RabbitMQ.Shared", "Watchdog.RabbitMQ.Shared\Watchdog.RabbitMQ.Shared.csproj", "{902FA3BA-3DE6-4D94-BFB7-155589FDEEA3}"
EndProject
Project("{9A19103F-16F7-4668-BE54-9A1E7A4F7556}") = "Watchdog.Collector.Common", "Watchdog.Collector\Watchdog.Collector.Common\Watchdog.Collector.Common.csproj", "{ED90239D-F573-4FE2-9726-1BA31889A3BE}"
EndProject
Project("{9A19103F-16F7-4668-BE54-9A1E7A4F7556}") = "Watchdog.Notifier.Common", "Watchdog.Notifier\Watchdog.Notifier.Common\Watchdog.Notifier.Common.csproj", "{8F8310F2-41F5-4832-9B7E-4C5650DF69CE}"
EndProject
Project("{9A19103F-16F7-4668-BE54-9A1E7A4F7556}") = "Watchdog.Notifier.BLL", "Watchdog.Notifier\Watchdog.Notifier.BLL\Watchdog.Notifier.BLL.csproj", "{C4341D93-0511-4567-88AF-0D0C4626BF7F}"
EndProject
Project("{2150E333-8FDC-42A3-9474-1A3956D46DE8}") = "Watchdog.Notifier", "Watchdog.Notifier", "{988E764A-5A55-460F-BDE3-A84D2C482CDD}"
EndProject
Project("{2150E333-8FDC-42A3-9474-1A3956D46DE8}") = "Watchdog.Loader", "Watchdog.Loader", "{18295CCF-0FC0-4F0D-BD2E-23377C4E2C65}"
EndProject
Project("{9A19103F-16F7-4668-BE54-9A1E7A4F7556}") = "Watchdog.Loader.API", "Watchdog.Loader\Watchdog.Loader.API\Watchdog.Loader.API.csproj", "{2FA43B1C-7AFA-4FCF-8E54-6B4147C43FFC}"
EndProject
Project("{9A19103F-16F7-4668-BE54-9A1E7A4F7556}") = "Watchdog.Loader.BLL", "Watchdog.Loader\Watchdog.Loader.BLL\Watchdog.Loader.BLL.csproj", "{B331D61D-49A5-4DF4-B15A-7BCC62E81601}"
EndProject
Project("{9A19103F-16F7-4668-BE54-9A1E7A4F7556}") = "Watchdog.Loader.Common", "Watchdog.Loader\Watchdog.Loader.Common\Watchdog.Loader.Common.csproj", "{AFAF22E3-73D4-4A0B-BE4B-3E36F71CDE51}"
EndProject
Project("{2150E333-8FDC-42A3-9474-1A3956D46DE8}") = "Watchdog.Models", "Watchdog.Models", "{1C3CE819-FD5F-492B-8F2D-18E7D90777B0}"
EndProject
Project("{9A19103F-16F7-4668-BE54-9A1E7A4F7556}") = "Watchdog.Models.Shared", "Watchdog.Models.Shared\Watchdog.Models.Shared.csproj", "{E52205A3-D43B-409B-B38C-9EE23E505B96}"
EndProject
Project("{2150E333-8FDC-42A3-9474-1A3956D46DE8}") = "Watchdog.Emailer", "Watchdog.Emailer", "{92151BDE-7961-4A07-951F-83CA9F132BA8}"
EndProject
Project("{9A19103F-16F7-4668-BE54-9A1E7A4F7556}") = "Watchdog.Emailer.Service", "Watchdog.Emailer\Watchdog.Emailer.Service\Watchdog.Emailer.Service.csproj", "{BEC343C0-2EBC-4B86-BF84-FFA1D8505EDD}"
EndProject
Global
	GlobalSection(SolutionConfigurationPlatforms) = preSolution
		Debug|Any CPU = Debug|Any CPU
		Release|Any CPU = Release|Any CPU
	EndGlobalSection
	GlobalSection(ProjectConfigurationPlatforms) = postSolution
		{AF6C5377-BC0D-4CC8-8C2E-D9E26756627D}.Debug|Any CPU.ActiveCfg = Debug|Any CPU
		{AF6C5377-BC0D-4CC8-8C2E-D9E26756627D}.Debug|Any CPU.Build.0 = Debug|Any CPU
		{AF6C5377-BC0D-4CC8-8C2E-D9E26756627D}.Release|Any CPU.ActiveCfg = Release|Any CPU
		{AF6C5377-BC0D-4CC8-8C2E-D9E26756627D}.Release|Any CPU.Build.0 = Release|Any CPU
		{D050B938-5C44-4A1F-A4C6-E70E3FBD8A02}.Debug|Any CPU.ActiveCfg = Debug|Any CPU
		{D050B938-5C44-4A1F-A4C6-E70E3FBD8A02}.Debug|Any CPU.Build.0 = Debug|Any CPU
		{D050B938-5C44-4A1F-A4C6-E70E3FBD8A02}.Release|Any CPU.ActiveCfg = Release|Any CPU
		{D050B938-5C44-4A1F-A4C6-E70E3FBD8A02}.Release|Any CPU.Build.0 = Release|Any CPU
		{FC688BB9-6949-4C2D-9A31-FCE87F0F0494}.Debug|Any CPU.ActiveCfg = Debug|Any CPU
		{FC688BB9-6949-4C2D-9A31-FCE87F0F0494}.Debug|Any CPU.Build.0 = Debug|Any CPU
		{FC688BB9-6949-4C2D-9A31-FCE87F0F0494}.Release|Any CPU.ActiveCfg = Release|Any CPU
		{FC688BB9-6949-4C2D-9A31-FCE87F0F0494}.Release|Any CPU.Build.0 = Release|Any CPU
		{E00E8C42-8448-4128-B015-54C27BD7DD29}.Debug|Any CPU.ActiveCfg = Debug|Any CPU
		{E00E8C42-8448-4128-B015-54C27BD7DD29}.Debug|Any CPU.Build.0 = Debug|Any CPU
		{E00E8C42-8448-4128-B015-54C27BD7DD29}.Release|Any CPU.ActiveCfg = Release|Any CPU
		{E00E8C42-8448-4128-B015-54C27BD7DD29}.Release|Any CPU.Build.0 = Release|Any CPU
		{1C23243B-5028-4CB2-BC17-09BFD4AA1FE9}.Debug|Any CPU.ActiveCfg = Debug|Any CPU
		{1C23243B-5028-4CB2-BC17-09BFD4AA1FE9}.Debug|Any CPU.Build.0 = Debug|Any CPU
		{1C23243B-5028-4CB2-BC17-09BFD4AA1FE9}.Release|Any CPU.ActiveCfg = Release|Any CPU
		{1C23243B-5028-4CB2-BC17-09BFD4AA1FE9}.Release|Any CPU.Build.0 = Release|Any CPU
		{615C5D66-3901-49FB-853D-9E8AEA08CEC5}.Debug|Any CPU.ActiveCfg = Debug|Any CPU
		{615C5D66-3901-49FB-853D-9E8AEA08CEC5}.Debug|Any CPU.Build.0 = Debug|Any CPU
		{615C5D66-3901-49FB-853D-9E8AEA08CEC5}.Release|Any CPU.ActiveCfg = Release|Any CPU
		{615C5D66-3901-49FB-853D-9E8AEA08CEC5}.Release|Any CPU.Build.0 = Release|Any CPU
		{86EAA354-F751-4B0F-89D5-56A8BF0FD283}.Debug|Any CPU.ActiveCfg = Debug|Any CPU
		{86EAA354-F751-4B0F-89D5-56A8BF0FD283}.Debug|Any CPU.Build.0 = Debug|Any CPU
		{86EAA354-F751-4B0F-89D5-56A8BF0FD283}.Release|Any CPU.ActiveCfg = Release|Any CPU
		{86EAA354-F751-4B0F-89D5-56A8BF0FD283}.Release|Any CPU.Build.0 = Release|Any CPU
		{902FA3BA-3DE6-4D94-BFB7-155589FDEEA3}.Debug|Any CPU.ActiveCfg = Debug|Any CPU
		{902FA3BA-3DE6-4D94-BFB7-155589FDEEA3}.Debug|Any CPU.Build.0 = Debug|Any CPU
		{902FA3BA-3DE6-4D94-BFB7-155589FDEEA3}.Release|Any CPU.ActiveCfg = Release|Any CPU
		{902FA3BA-3DE6-4D94-BFB7-155589FDEEA3}.Release|Any CPU.Build.0 = Release|Any CPU
		{ED90239D-F573-4FE2-9726-1BA31889A3BE}.Debug|Any CPU.ActiveCfg = Debug|Any CPU
		{ED90239D-F573-4FE2-9726-1BA31889A3BE}.Debug|Any CPU.Build.0 = Debug|Any CPU
		{ED90239D-F573-4FE2-9726-1BA31889A3BE}.Release|Any CPU.ActiveCfg = Release|Any CPU
		{ED90239D-F573-4FE2-9726-1BA31889A3BE}.Release|Any CPU.Build.0 = Release|Any CPU
		{8F8310F2-41F5-4832-9B7E-4C5650DF69CE}.Debug|Any CPU.ActiveCfg = Debug|Any CPU
		{8F8310F2-41F5-4832-9B7E-4C5650DF69CE}.Debug|Any CPU.Build.0 = Debug|Any CPU
		{8F8310F2-41F5-4832-9B7E-4C5650DF69CE}.Release|Any CPU.ActiveCfg = Release|Any CPU
		{8F8310F2-41F5-4832-9B7E-4C5650DF69CE}.Release|Any CPU.Build.0 = Release|Any CPU
		{C4341D93-0511-4567-88AF-0D0C4626BF7F}.Debug|Any CPU.ActiveCfg = Debug|Any CPU
		{C4341D93-0511-4567-88AF-0D0C4626BF7F}.Debug|Any CPU.Build.0 = Debug|Any CPU
		{C4341D93-0511-4567-88AF-0D0C4626BF7F}.Release|Any CPU.ActiveCfg = Release|Any CPU
		{C4341D93-0511-4567-88AF-0D0C4626BF7F}.Release|Any CPU.Build.0 = Release|Any CPU
		{2FA43B1C-7AFA-4FCF-8E54-6B4147C43FFC}.Debug|Any CPU.ActiveCfg = Debug|Any CPU
		{2FA43B1C-7AFA-4FCF-8E54-6B4147C43FFC}.Debug|Any CPU.Build.0 = Debug|Any CPU
		{2FA43B1C-7AFA-4FCF-8E54-6B4147C43FFC}.Release|Any CPU.ActiveCfg = Release|Any CPU
		{2FA43B1C-7AFA-4FCF-8E54-6B4147C43FFC}.Release|Any CPU.Build.0 = Release|Any CPU
		{B331D61D-49A5-4DF4-B15A-7BCC62E81601}.Debug|Any CPU.ActiveCfg = Debug|Any CPU
		{B331D61D-49A5-4DF4-B15A-7BCC62E81601}.Debug|Any CPU.Build.0 = Debug|Any CPU
		{B331D61D-49A5-4DF4-B15A-7BCC62E81601}.Release|Any CPU.ActiveCfg = Release|Any CPU
		{B331D61D-49A5-4DF4-B15A-7BCC62E81601}.Release|Any CPU.Build.0 = Release|Any CPU
		{AFAF22E3-73D4-4A0B-BE4B-3E36F71CDE51}.Debug|Any CPU.ActiveCfg = Debug|Any CPU
		{AFAF22E3-73D4-4A0B-BE4B-3E36F71CDE51}.Debug|Any CPU.Build.0 = Debug|Any CPU
		{AFAF22E3-73D4-4A0B-BE4B-3E36F71CDE51}.Release|Any CPU.ActiveCfg = Release|Any CPU
		{AFAF22E3-73D4-4A0B-BE4B-3E36F71CDE51}.Release|Any CPU.Build.0 = Release|Any CPU
		{E52205A3-D43B-409B-B38C-9EE23E505B96}.Debug|Any CPU.ActiveCfg = Debug|Any CPU
		{E52205A3-D43B-409B-B38C-9EE23E505B96}.Debug|Any CPU.Build.0 = Debug|Any CPU
		{E52205A3-D43B-409B-B38C-9EE23E505B96}.Release|Any CPU.ActiveCfg = Release|Any CPU
		{E52205A3-D43B-409B-B38C-9EE23E505B96}.Release|Any CPU.Build.0 = Release|Any CPU
		{BEC343C0-2EBC-4B86-BF84-FFA1D8505EDD}.Debug|Any CPU.ActiveCfg = Debug|Any CPU
		{BEC343C0-2EBC-4B86-BF84-FFA1D8505EDD}.Debug|Any CPU.Build.0 = Debug|Any CPU
		{BEC343C0-2EBC-4B86-BF84-FFA1D8505EDD}.Release|Any CPU.ActiveCfg = Release|Any CPU
		{BEC343C0-2EBC-4B86-BF84-FFA1D8505EDD}.Release|Any CPU.Build.0 = Release|Any CPU
	EndGlobalSection
	GlobalSection(SolutionProperties) = preSolution
		HideSolutionNode = FALSE
	EndGlobalSection
	GlobalSection(NestedProjects) = preSolution
		{AF6C5377-BC0D-4CC8-8C2E-D9E26756627D} = {9F257BC7-8C6F-4CBD-924B-35AFF80583E8}
		{D050B938-5C44-4A1F-A4C6-E70E3FBD8A02} = {9F257BC7-8C6F-4CBD-924B-35AFF80583E8}
		{FC688BB9-6949-4C2D-9A31-FCE87F0F0494} = {9F257BC7-8C6F-4CBD-924B-35AFF80583E8}
		{E00E8C42-8448-4128-B015-54C27BD7DD29} = {9F257BC7-8C6F-4CBD-924B-35AFF80583E8}
		{1C23243B-5028-4CB2-BC17-09BFD4AA1FE9} = {F8C29B95-9387-484E-965A-451A173F69D1}
		{615C5D66-3901-49FB-853D-9E8AEA08CEC5} = {F8C29B95-9387-484E-965A-451A173F69D1}
		{86EAA354-F751-4B0F-89D5-56A8BF0FD283} = {988E764A-5A55-460F-BDE3-A84D2C482CDD}
		{902FA3BA-3DE6-4D94-BFB7-155589FDEEA3} = {7F8DA369-2F6E-49E2-B3B1-75BE1CFFB558}
		{ED90239D-F573-4FE2-9726-1BA31889A3BE} = {F8C29B95-9387-484E-965A-451A173F69D1}
		{8F8310F2-41F5-4832-9B7E-4C5650DF69CE} = {988E764A-5A55-460F-BDE3-A84D2C482CDD}
		{C4341D93-0511-4567-88AF-0D0C4626BF7F} = {988E764A-5A55-460F-BDE3-A84D2C482CDD}
		{2FA43B1C-7AFA-4FCF-8E54-6B4147C43FFC} = {18295CCF-0FC0-4F0D-BD2E-23377C4E2C65}
		{B331D61D-49A5-4DF4-B15A-7BCC62E81601} = {18295CCF-0FC0-4F0D-BD2E-23377C4E2C65}
		{AFAF22E3-73D4-4A0B-BE4B-3E36F71CDE51} = {18295CCF-0FC0-4F0D-BD2E-23377C4E2C65}
		{E52205A3-D43B-409B-B38C-9EE23E505B96} = {1C3CE819-FD5F-492B-8F2D-18E7D90777B0}
		{BEC343C0-2EBC-4B86-BF84-FFA1D8505EDD} = {92151BDE-7961-4A07-951F-83CA9F132BA8}
	EndGlobalSection
	GlobalSection(ExtensibilityGlobals) = postSolution
		SolutionGuid = {53583653-F77E-4F5C-A5E3-97634ABB27C5}
	EndGlobalSection
EndGlobal
